
Microsoft Visual Studio Solution File, Format Version 12.00
# Visual Studio Version 17
VisualStudioVersion = 17.8.34330.188
MinimumVisualStudioVersion = 10.0.40219.1
Project("{9A19103F-16F7-4668-BE54-9A1E7A4F7556}") = "Daily", "Daily\Daily.csproj", "{08AD5511-66E2-48B6-9CE5-95B71A9E613B}"
EndProject
Project("{FAE04EC0-301F-11D3-BF4B-00C04F79EFBC}") = "Daily.Tests", "Daily.Tests\Daily.Tests.csproj", "{A49F7CED-B821-415E-9232-73077D8B266C}"
EndProject
Global
	GlobalSection(SolutionConfigurationPlatforms) = preSolution
		Debug|Any CPU = Debug|Any CPU
		Release|Any CPU = Release|Any CPU
	EndGlobalSection
	GlobalSection(ProjectConfigurationPlatforms) = postSolution
		{08AD5511-66E2-48B6-9CE5-95B71A9E613B}.Debug|Any CPU.ActiveCfg = Debug|Any CPU
		{08AD5511-66E2-48B6-9CE5-95B71A9E613B}.Debug|Any CPU.Build.0 = Debug|Any CPU
		{08AD5511-66E2-48B6-9CE5-95B71A9E613B}.Release|Any CPU.ActiveCfg = Release|Any CPU
		{08AD5511-66E2-48B6-9CE5-95B71A9E613B}.Release|Any CPU.Build.0 = Release|Any CPU
		{A49F7CED-B821-415E-9232-73077D8B266C}.Debug|Any CPU.ActiveCfg = Debug|Any CPU
		{A49F7CED-B821-415E-9232-73077D8B266C}.Debug|Any CPU.Build.0 = Debug|Any CPU
		{A49F7CED-B821-415E-9232-73077D8B266C}.Release|Any CPU.ActiveCfg = Release|Any CPU
		{A49F7CED-B821-415E-9232-73077D8B266C}.Release|Any CPU.Build.0 = Release|Any CPU
	EndGlobalSection
	GlobalSection(SolutionProperties) = preSolution
		HideSolutionNode = FALSE
	EndGlobalSection
	GlobalSection(ExtensibilityGlobals) = postSolution
		SolutionGuid = {DCDECD1B-A004-4E6B-8A62-E91DF4AA4746}
	EndGlobalSection
EndGlobal
